
Microsoft Visual Studio Solution File, Format Version 12.00
# Visual Studio Version 17
VisualStudioVersion = 17.1.32319.34
MinimumVisualStudioVersion = 10.0.40219.1
Project("{FAE04EC0-301F-11D3-BF4B-00C04F79EFBC}") = "WindowsFormsAppWork2ABCcompny", "WindowsFormsAppWork2ABCcompny\WindowsFormsAppWork2ABCcompny.csproj", "{ED32C9E0-DF84-4870-A700-20265415FCA3}"
EndProject
Global
	GlobalSection(SolutionConfigurationPlatforms) = preSolution
		Debug|Any CPU = Debug|Any CPU
		Release|Any CPU = Release|Any CPU
	EndGlobalSection
	GlobalSection(ProjectConfigurationPlatforms) = postSolution
		{ED32C9E0-DF84-4870-A700-20265415FCA3}.Debug|Any CPU.ActiveCfg = Debug|Any CPU
		{ED32C9E0-DF84-4870-A700-20265415FCA3}.Debug|Any CPU.Build.0 = Debug|Any CPU
		{ED32C9E0-DF84-4870-A700-20265415FCA3}.Release|Any CPU.ActiveCfg = Release|Any CPU
		{ED32C9E0-DF84-4870-A700-20265415FCA3}.Release|Any CPU.Build.0 = Release|Any CPU
	EndGlobalSection
	GlobalSection(SolutionProperties) = preSolution
		HideSolutionNode = FALSE
	EndGlobalSection
	GlobalSection(ExtensibilityGlobals) = postSolution
		SolutionGuid = {5693F999-2E4F-4A1D-A9A5-B2275017F0B5}
	EndGlobalSection
EndGlobal
